
Microsoft Visual Studio Solution File, Format Version 12.00
# Visual Studio Version 17
VisualStudioVersion = 17.8.34309.116
MinimumVisualStudioVersion = 10.0.40219.1
Project("{9A19103F-16F7-4668-BE54-9A1E7A4F7556}") = "Messanger.API", "Messanger.API\Messanger.API.csproj", "{6B45E974-8CA4-4B66-9C6D-3766211F928C}"
EndProject
Project("{FAE04EC0-301F-11D3-BF4B-00C04F79EFBC}") = "Messanger.BLL", "Messanger.BLL\Messanger.BLL.csproj", "{54CE82FE-DDCD-4678-8E29-17B2F0E5632F}"
EndProject
Project("{FAE04EC0-301F-11D3-BF4B-00C04F79EFBC}") = "Messanger.DAL", "Messanger.DAL\Messanger.DAL.csproj", "{EE1A0793-B921-4C72-AB8E-77CAB579C3EB}"
EndProject
Global
	GlobalSection(SolutionConfigurationPlatforms) = preSolution
		Debug|Any CPU = Debug|Any CPU
		Release|Any CPU = Release|Any CPU
	EndGlobalSection
	GlobalSection(ProjectConfigurationPlatforms) = postSolution
		{6B45E974-8CA4-4B66-9C6D-3766211F928C}.Debug|Any CPU.ActiveCfg = Debug|Any CPU
		{6B45E974-8CA4-4B66-9C6D-3766211F928C}.Debug|Any CPU.Build.0 = Debug|Any CPU
		{6B45E974-8CA4-4B66-9C6D-3766211F928C}.Release|Any CPU.ActiveCfg = Release|Any CPU
		{6B45E974-8CA4-4B66-9C6D-3766211F928C}.Release|Any CPU.Build.0 = Release|Any CPU
		{54CE82FE-DDCD-4678-8E29-17B2F0E5632F}.Debug|Any CPU.ActiveCfg = Debug|Any CPU
		{54CE82FE-DDCD-4678-8E29-17B2F0E5632F}.Debug|Any CPU.Build.0 = Debug|Any CPU
		{54CE82FE-DDCD-4678-8E29-17B2F0E5632F}.Release|Any CPU.ActiveCfg = Release|Any CPU
		{54CE82FE-DDCD-4678-8E29-17B2F0E5632F}.Release|Any CPU.Build.0 = Release|Any CPU
		{EE1A0793-B921-4C72-AB8E-77CAB579C3EB}.Debug|Any CPU.ActiveCfg = Debug|Any CPU
		{EE1A0793-B921-4C72-AB8E-77CAB579C3EB}.Debug|Any CPU.Build.0 = Debug|Any CPU
		{EE1A0793-B921-4C72-AB8E-77CAB579C3EB}.Release|Any CPU.ActiveCfg = Release|Any CPU
		{EE1A0793-B921-4C72-AB8E-77CAB579C3EB}.Release|Any CPU.Build.0 = Release|Any CPU
	EndGlobalSection
	GlobalSection(SolutionProperties) = preSolution
		HideSolutionNode = FALSE
	EndGlobalSection
	GlobalSection(ExtensibilityGlobals) = postSolution
		SolutionGuid = {C0C374FC-17D2-4E47-BE4C-1C2EB0EE74A6}
	EndGlobalSection
EndGlobal
